
Microsoft Visual Studio Solution File, Format Version 12.00
# Visual Studio Version 16
VisualStudioVersion = 16.0.31112.23
MinimumVisualStudioVersion = 10.0.40219.1
Project("{F184B08F-C81C-45F6-A57F-5ABD9991F28F}") = "WindowsAppWeek6a", "WindowsAppWeek6a.vbproj", "{D8B74E23-BBAB-4981-BCD8-CEE616B31B62}"
EndProject
Global
	GlobalSection(SolutionConfigurationPlatforms) = preSolution
		Debug|Any CPU = Debug|Any CPU
		Release|Any CPU = Release|Any CPU
	EndGlobalSection
	GlobalSection(ProjectConfigurationPlatforms) = postSolution
		{D8B74E23-BBAB-4981-BCD8-CEE616B31B62}.Debug|Any CPU.ActiveCfg = Debug|Any CPU
		{D8B74E23-BBAB-4981-BCD8-CEE616B31B62}.Debug|Any CPU.Build.0 = Debug|Any CPU
		{D8B74E23-BBAB-4981-BCD8-CEE616B31B62}.Release|Any CPU.ActiveCfg = Release|Any CPU
		{D8B74E23-BBAB-4981-BCD8-CEE616B31B62}.Release|Any CPU.Build.0 = Release|Any CPU
	EndGlobalSection
	GlobalSection(SolutionProperties) = preSolution
		HideSolutionNode = FALSE
	EndGlobalSection
	GlobalSection(ExtensibilityGlobals) = postSolution
		SolutionGuid = {21C0BB66-AA56-457C-929F-26D118B286D0}
	EndGlobalSection
EndGlobal
